%{"decimal": {:hex, :decimal, "1.1.0"},
  "ecto": {:hex, :ecto, "0.11.3"},
  "exirc": {:hex, :exirc, "0.9.1"},
  "floki": {:hex, :floki, "0.3.0"},
  "hackney": {:hex, :hackney, "1.1.0"},
  "httpoison": {:hex, :httpoison, "0.7.0"},
  "idna": {:hex, :idna, "1.0.2"},
  "mochiweb": {:hex, :mochiweb, "2.12.2"},
  "poolboy": {:hex, :poolboy, "1.5.1"},
  "ssl_verify_hostname": {:hex, :ssl_verify_hostname, "1.0.5"}}
